// !$*UTF8*$!
{
	archiveVersion = 1;
	classes = {
	};
	objectVersion = 77;
	objects = {

/* Begin PBXBuildFile section */
		F4CCF22D2CAF64BE004CF7EF /* FirebaseAnalytics in Frameworks */ = {isa = PBXBuildFile; productRef = F4CCF22C2CAF64BE004CF7EF /* FirebaseAnalytics */; };
		F4CCF22F2CAF64BE004CF7EF /* FirebaseAnalyticsOnDeviceConversion in Frameworks */ = {isa = PBXBuildFile; productRef = F4CCF22E2CAF64BE004CF7EF /* FirebaseAnalyticsOnDeviceConversion */; };
		F4CCF2312CAF64BE004CF7EF /* FirebaseAnalyticsWithoutAdIdSupport in Frameworks */ = {isa = PBXBuildFile; productRef = F4CCF2302CAF64BE004CF7EF /* FirebaseAnalyticsWithoutAdIdSupport */; };
		F4CCF2332CAF64BE004CF7EF /* FirebaseAppCheck in Frameworks */ = {isa = PBXBuildFile; productRef = F4CCF2322CAF64BE004CF7EF /* FirebaseAppCheck */; };
		F4CCF2352CAF64BE004CF7EF /* FirebaseAppDistribution-Beta in Frameworks */ = {isa = PBXBuildFile; productRef = F4CCF2342CAF64BE004CF7EF /* FirebaseAppDistribution-Beta */; };
		F4CCF2372CAF64BE004CF7EF /* FirebaseAuth in Frameworks */ = {isa = PBXBuildFile; productRef = F4CCF2362CAF64BE004CF7EF /* FirebaseAuth */; };
		F4CCF2392CAF64BE004CF7EF /* FirebaseAuthCombine-Community in Frameworks */ = {isa = PBXBuildFile; productRef = F4CCF2382CAF64BE004CF7EF /* FirebaseAuthCombine-Community */; };
		F4CCF23B2CAF64BE004CF7EF /* FirebaseCore in Frameworks */ = {isa = PBXBuildFile; productRef = F4CCF23A2CAF64BE004CF7EF /* FirebaseCore */; };
		F4CCF23D2CAF64BE004CF7EF /* FirebaseCrashlytics in Frameworks */ = {isa = PBXBuildFile; productRef = F4CCF23C2CAF64BE004CF7EF /* FirebaseCrashlytics */; };
		F4CCF23F2CAF64BE004CF7EF /* FirebaseDatabase in Frameworks */ = {isa = PBXBuildFile; productRef = F4CCF23E2CAF64BE004CF7EF /* FirebaseDatabase */; };
		F4CCF2412CAF64BE004CF7EF /* FirebaseDynamicLinks in Frameworks */ = {isa = PBXBuildFile; productRef = F4CCF2402CAF64BE004CF7EF /* FirebaseDynamicLinks */; };
		F4CCF2432CAF64BE004CF7EF /* FirebaseFirestore in Frameworks */ = {isa = PBXBuildFile; productRef = F4CCF2422CAF64BE004CF7EF /* FirebaseFirestore */; };
		F4CCF2452CAF64BE004CF7EF /* FirebaseFirestoreCombine-Community in Frameworks */ = {isa = PBXBuildFile; productRef = F4CCF2442CAF64BE004CF7EF /* FirebaseFirestoreCombine-Community */; };
		F4CCF2472CAF64BE004CF7EF /* FirebaseFunctions in Frameworks */ = {isa = PBXBuildFile; productRef = F4CCF2462CAF64BE004CF7EF /* FirebaseFunctions */; };
		F4CCF2492CAF64BE004CF7EF /* FirebaseFunctionsCombine-Community in Frameworks */ = {isa = PBXBuildFile; productRef = F4CCF2482CAF64BE004CF7EF /* FirebaseFunctionsCombine-Community */; };
		F4CCF24B2CAF64BE004CF7EF /* FirebaseInAppMessaging-Beta in Frameworks */ = {isa = PBXBuildFile; productRef = F4CCF24A2CAF64BE004CF7EF /* FirebaseInAppMessaging-Beta */; };
		F4CCF24D2CAF64BE004CF7EF /* FirebaseInstallations in Frameworks */ = {isa = PBXBuildFile; productRef = F4CCF24C2CAF64BE004CF7EF /* FirebaseInstallations */; };
		F4CCF24F2CAF64BE004CF7EF /* FirebaseMLModelDownloader in Frameworks */ = {isa = PBXBuildFile; productRef = F4CCF24E2CAF64BE004CF7EF /* FirebaseMLModelDownloader */; };
		F4CCF2512CAF64BE004CF7EF /* FirebaseMessaging in Frameworks */ = {isa = PBXBuildFile; productRef = F4CCF2502CAF64BE004CF7EF /* FirebaseMessaging */; };
		F4CCF2532CAF64BE004CF7EF /* FirebasePerformance in Frameworks */ = {isa = PBXBuildFile; productRef = F4CCF2522CAF64BE004CF7EF /* FirebasePerformance */; };
		F4CCF2552CAF64BE004CF7EF /* FirebaseRemoteConfig in Frameworks */ = {isa = PBXBuildFile; productRef = F4CCF2542CAF64BE004CF7EF /* FirebaseRemoteConfig */; };
		F4CCF2572CAF64BE004CF7EF /* FirebaseStorage in Frameworks */ = {isa = PBXBuildFile; productRef = F4CCF2562CAF64BE004CF7EF /* FirebaseStorage */; };
		F4CCF2592CAF64BE004CF7EF /* FirebaseStorageCombine-Community in Frameworks */ = {isa = PBXBuildFile; productRef = F4CCF2582CAF64BE004CF7EF /* FirebaseStorageCombine-Community */; };
		F4CCF25B2CAF64BE004CF7EF /* FirebaseVertexAI-Preview in Frameworks */ = {isa = PBXBuildFile; productRef = F4CCF25A2CAF64BE004CF7EF /* FirebaseVertexAI-Preview */; };
/* End PBXBuildFile section */

/* Begin PBXContainerItemProxy section */
		F4CCF20F2CAF6487004CF7EF /* PBXContainerItemProxy */ = {
			isa = PBXContainerItemProxy;
			containerPortal = F4CCF1F62CAF6484004CF7EF /* Project object */;
			proxyType = 1;
			remoteGlobalIDString = F4CCF1FD2CAF6484004CF7EF;
			remoteInfo = AutoShare;
		};
		F4CCF2192CAF6487004CF7EF /* PBXContainerItemProxy */ = {
			isa = PBXContainerItemProxy;
			containerPortal = F4CCF1F62CAF6484004CF7EF /* Project object */;
			proxyType = 1;
			remoteGlobalIDString = F4CCF1FD2CAF6484004CF7EF;
			remoteInfo = AutoShare;
		};
/* End PBXContainerItemProxy section */

/* Begin PBXFileReference section */
		F4CCF1FE2CAF6484004CF7EF /* AutoShare.app */ = {isa = PBXFileReference; explicitFileType = wrapper.application; includeInIndex = 0; path = AutoShare.app; sourceTree = BUILT_PRODUCTS_DIR; };
		F4CCF20E2CAF6487004CF7EF /* AutoShareTests.xctest */ = {isa = PBXFileReference; explicitFileType = wrapper.cfbundle; includeInIndex = 0; path = AutoShareTests.xctest; sourceTree = BUILT_PRODUCTS_DIR; };
		F4CCF2182CAF6487004CF7EF /* AutoShareUITests.xctest */ = {isa = PBXFileReference; explicitFileType = wrapper.cfbundle; includeInIndex = 0; path = AutoShareUITests.xctest; sourceTree = BUILT_PRODUCTS_DIR; };
/* End PBXFileReference section */

/* Begin PBXFileSystemSynchronizedRootGroup section */
		F4CCF2002CAF6484004CF7EF /* AutoShare */ = {
			isa = PBXFileSystemSynchronizedRootGroup;
			path = AutoShare;
			sourceTree = "<group>";
		};
		F4CCF2112CAF6487004CF7EF /* AutoShareTests */ = {
			isa = PBXFileSystemSynchronizedRootGroup;
			path = AutoShareTests;
			sourceTree = "<group>";
		};
		F4CCF21B2CAF6487004CF7EF /* AutoShareUITests */ = {
			isa = PBXFileSystemSynchronizedRootGroup;
			path = AutoShareUITests;
			sourceTree = "<group>";
		};
/* End PBXFileSystemSynchronizedRootGroup section */

/* Begin PBXFrameworksBuildPhase section */
		F4CCF1FB2CAF6484004CF7EF /* Frameworks */ = {
			isa = PBXFrameworksBuildPhase;
			buildActionMask = 2147483647;
			files = (
				F4CCF25B2CAF64BE004CF7EF /* FirebaseVertexAI-Preview in Frameworks */,
				F4CCF2452CAF64BE004CF7EF /* FirebaseFirestoreCombine-Community in Frameworks */,
				F4CCF2472CAF64BE004CF7EF /* FirebaseFunctions in Frameworks */,
				F4CCF2532CAF64BE004CF7EF /* FirebasePerformance in Frameworks */,
				F4CCF2592CAF64BE004CF7EF /* FirebaseStorageCombine-Community in Frameworks */,
				F4CCF2552CAF64BE004CF7EF /* FirebaseRemoteConfig in Frameworks */,
				F4CCF23F2CAF64BE004CF7EF /* FirebaseDatabase in Frameworks */,
				F4CCF2412CAF64BE004CF7EF /* FirebaseDynamicLinks in Frameworks */,
				F4CCF2332CAF64BE004CF7EF /* FirebaseAppCheck in Frameworks */,
				F4CCF2372CAF64BE004CF7EF /* FirebaseAuth in Frameworks */,
				F4CCF22D2CAF64BE004CF7EF /* FirebaseAnalytics in Frameworks */,
				F4CCF2432CAF64BE004CF7EF /* FirebaseFirestore in Frameworks */,
				F4CCF2512CAF64BE004CF7EF /* FirebaseMessaging in Frameworks */,
				F4CCF24D2CAF64BE004CF7EF /* FirebaseInstallations in Frameworks */,
				F4CCF2492CAF64BE004CF7EF /* FirebaseFunctionsCombine-Community in Frameworks */,
				F4CCF2352CAF64BE004CF7EF /* FirebaseAppDistribution-Beta in Frameworks */,
				F4CCF2312CAF64BE004CF7EF /* FirebaseAnalyticsWithoutAdIdSupport in Frameworks */,
				F4CCF24B2CAF64BE004CF7EF /* FirebaseInAppMessaging-Beta in Frameworks */,
				F4CCF2392CAF64BE004CF7EF /* FirebaseAuthCombine-Community in Frameworks */,
				F4CCF23D2CAF64BE004CF7EF /* FirebaseCrashlytics in Frameworks */,
				F4CCF24F2CAF64BE004CF7EF /* FirebaseMLModelDownloader in Frameworks */,
				F4CCF2572CAF64BE004CF7EF /* FirebaseStorage in Frameworks */,
				F4CCF23B2CAF64BE004CF7EF /* FirebaseCore in Frameworks */,
				F4CCF22F2CAF64BE004CF7EF /* FirebaseAnalyticsOnDeviceConversion in Frameworks */,
			);
			runOnlyForDeploymentPostprocessing = 0;
		};
		F4CCF20B2CAF6487004CF7EF /* Frameworks */ = {
			isa = PBXFrameworksBuildPhase;
			buildActionMask = 2147483647;
			files = (
			);
			runOnlyForDeploymentPostprocessing = 0;
		};
		F4CCF2152CAF6487004CF7EF /* Frameworks */ = {
			isa = PBXFrameworksBuildPhase;
			buildActionMask = 2147483647;
			files = (
			);
			runOnlyForDeploymentPostprocessing = 0;
		};
/* End PBXFrameworksBuildPhase section */

/* Begin PBXGroup section */
		F4CCF1F52CAF6484004CF7EF = {
			isa = PBXGroup;
			children = (
				F4CCF2002CAF6484004CF7EF /* AutoShare */,
				F4CCF2112CAF6487004CF7EF /* AutoShareTests */,
				F4CCF21B2CAF6487004CF7EF /* AutoShareUITests */,
				F4CCF1FF2CAF6484004CF7EF /* Products */,
			);
			sourceTree = "<group>";
		};
		F4CCF1FF2CAF6484004CF7EF /* Products */ = {
			isa = PBXGroup;
			children = (
				F4CCF1FE2CAF6484004CF7EF /* AutoShare.app */,
				F4CCF20E2CAF6487004CF7EF /* AutoShareTests.xctest */,
				F4CCF2182CAF6487004CF7EF /* AutoShareUITests.xctest */,
			);
			name = Products;
			sourceTree = "<group>";
		};
/* End PBXGroup section */

/* Begin PBXNativeTarget section */
		F4CCF1FD2CAF6484004CF7EF /* AutoShare */ = {
			isa = PBXNativeTarget;
			buildConfigurationList = F4CCF2222CAF6487004CF7EF /* Build configuration list for PBXNativeTarget "AutoShare" */;
			buildPhases = (
				F4CCF1FA2CAF6484004CF7EF /* Sources */,
				F4CCF1FB2CAF6484004CF7EF /* Frameworks */,
				F4CCF1FC2CAF6484004CF7EF /* Resources */,
			);
			buildRules = (
			);
			dependencies = (
			);
			fileSystemSynchronizedGroups = (
				F4CCF2002CAF6484004CF7EF /* AutoShare */,
			);
			name = AutoShare;
			packageProductDependencies = (
				F4CCF22C2CAF64BE004CF7EF /* FirebaseAnalytics */,
				F4CCF22E2CAF64BE004CF7EF /* FirebaseAnalyticsOnDeviceConversion */,
				F4CCF2302CAF64BE004CF7EF /* FirebaseAnalyticsWithoutAdIdSupport */,
				F4CCF2322CAF64BE004CF7EF /* FirebaseAppCheck */,
				F4CCF2342CAF64BE004CF7EF /* FirebaseAppDistribution-Beta */,
				F4CCF2362CAF64BE004CF7EF /* FirebaseAuth */,
				F4CCF2382CAF64BE004CF7EF /* FirebaseAuthCombine-Community */,
				F4CCF23A2CAF64BE004CF7EF /* FirebaseCore */,
				F4CCF23C2CAF64BE004CF7EF /* FirebaseCrashlytics */,
				F4CCF23E2CAF64BE004CF7EF /* FirebaseDatabase */,
				F4CCF2402CAF64BE004CF7EF /* FirebaseDynamicLinks */,
				F4CCF2422CAF64BE004CF7EF /* FirebaseFirestore */,
				F4CCF2442CAF64BE004CF7EF /* FirebaseFirestoreCombine-Community */,
				F4CCF2462CAF64BE004CF7EF /* FirebaseFunctions */,
				F4CCF2482CAF64BE004CF7EF /* FirebaseFunctionsCombine-Community */,
				F4CCF24A2CAF64BE004CF7EF /* FirebaseInAppMessaging-Beta */,
				F4CCF24C2CAF64BE004CF7EF /* FirebaseInstallations */,
				F4CCF24E2CAF64BE004CF7EF /* FirebaseMLModelDownloader */,
				F4CCF2502CAF64BE004CF7EF /* FirebaseMessaging */,
				F4CCF2522CAF64BE004CF7EF /* FirebasePerformance */,
				F4CCF2542CAF64BE004CF7EF /* FirebaseRemoteConfig */,
				F4CCF2562CAF64BE004CF7EF /* FirebaseStorage */,
				F4CCF2582CAF64BE004CF7EF /* FirebaseStorageCombine-Community */,
				F4CCF25A2CAF64BE004CF7EF /* FirebaseVertexAI-Preview */,
			);
			productName = AutoShare;
			productReference = F4CCF1FE2CAF6484004CF7EF /* AutoShare.app */;
			productType = "com.apple.product-type.application";
		};
		F4CCF20D2CAF6487004CF7EF /* AutoShareTests */ = {
			isa = PBXNativeTarget;
			buildConfigurationList = F4CCF2252CAF6487004CF7EF /* Build configuration list for PBXNativeTarget "AutoShareTests" */;
			buildPhases = (
				F4CCF20A2CAF6487004CF7EF /* Sources */,
				F4CCF20B2CAF6487004CF7EF /* Frameworks */,
				F4CCF20C2CAF6487004CF7EF /* Resources */,
			);
			buildRules = (
			);
			dependencies = (
				F4CCF2102CAF6487004CF7EF /* PBXTargetDependency */,
			);
			fileSystemSynchronizedGroups = (
				F4CCF2112CAF6487004CF7EF /* AutoShareTests */,
			);
			name = AutoShareTests;
			packageProductDependencies = (
			);
			productName = AutoShareTests;
			productReference = F4CCF20E2CAF6487004CF7EF /* AutoShareTests.xctest */;
			productType = "com.apple.product-type.bundle.unit-test";
		};
		F4CCF2172CAF6487004CF7EF /* AutoShareUITests */ = {
			isa = PBXNativeTarget;
			buildConfigurationList = F4CCF2282CAF6487004CF7EF /* Build configuration list for PBXNativeTarget "AutoShareUITests" */;
			buildPhases = (
				F4CCF2142CAF6487004CF7EF /* Sources */,
				F4CCF2152CAF6487004CF7EF /* Frameworks */,
				F4CCF2162CAF6487004CF7EF /* Resources */,
			);
			buildRules = (
			);
			dependencies = (
				F4CCF21A2CAF6487004CF7EF /* PBXTargetDependency */,
			);
			fileSystemSynchronizedGroups = (
				F4CCF21B2CAF6487004CF7EF /* AutoShareUITests */,
			);
			name = AutoShareUITests;
			packageProductDependencies = (
			);
			productName = AutoShareUITests;
			productReference = F4CCF2182CAF6487004CF7EF /* AutoShareUITests.xctest */;
			productType = "com.apple.product-type.bundle.ui-testing";
		};
/* End PBXNativeTarget section */

/* Begin PBXProject section */
		F4CCF1F62CAF6484004CF7EF /* Project object */ = {
			isa = PBXProject;
			attributes = {
				BuildIndependentTargetsInParallel = 1;
				LastSwiftUpdateCheck = 1600;
				LastUpgradeCheck = 1600;
				TargetAttributes = {
					F4CCF1FD2CAF6484004CF7EF = {
						CreatedOnToolsVersion = 16.0;
					};
					F4CCF20D2CAF6487004CF7EF = {
						CreatedOnToolsVersion = 16.0;
						TestTargetID = F4CCF1FD2CAF6484004CF7EF;
					};
					F4CCF2172CAF6487004CF7EF = {
						CreatedOnToolsVersion = 16.0;
						TestTargetID = F4CCF1FD2CAF6484004CF7EF;
					};
				};
			};
			buildConfigurationList = F4CCF1F92CAF6484004CF7EF /* Build configuration list for PBXProject "AutoShare" */;
			developmentRegion = en;
			hasScannedForEncodings = 0;
			knownRegions = (
				en,
				Base,
			);
			mainGroup = F4CCF1F52CAF6484004CF7EF;
			minimizedProjectReferenceProxies = 1;
			packageReferences = (
				F4CCF22B2CAF64BE004CF7EF /* XCRemoteSwiftPackageReference "firebase-ios-sdk" */,
			);
			preferredProjectObjectVersion = 77;
			productRefGroup = F4CCF1FF2CAF6484004CF7EF /* Products */;
			projectDirPath = "";
			projectRoot = "";
			targets = (
				F4CCF1FD2CAF6484004CF7EF /* AutoShare */,
				F4CCF20D2CAF6487004CF7EF /* AutoShareTests */,
				F4CCF2172CAF6487004CF7EF /* AutoShareUITests */,
			);
		};
/* End PBXProject section */

/* Begin PBXResourcesBuildPhase section */
		F4CCF1FC2CAF6484004CF7EF /* Resources */ = {
			isa = PBXResourcesBuildPhase;
			buildActionMask = 2147483647;
			files = (
			);
			runOnlyForDeploymentPostprocessing = 0;
		};
		F4CCF20C2CAF6487004CF7EF /* Resources */ = {
			isa = PBXResourcesBuildPhase;
			buildActionMask = 2147483647;
			files = (
			);
			runOnlyForDeploymentPostprocessing = 0;
		};
		F4CCF2162CAF6487004CF7EF /* Resources */ = {
			isa = PBXResourcesBuildPhase;
			buildActionMask = 2147483647;
			files = (
			);
			runOnlyForDeploymentPostprocessing = 0;
		};
/* End PBXResourcesBuildPhase section */

/* Begin PBXSourcesBuildPhase section */
		F4CCF1FA2CAF6484004CF7EF /* Sources */ = {
			isa = PBXSourcesBuildPhase;
			buildActionMask = 2147483647;
			files = (
			);
			runOnlyForDeploymentPostprocessing = 0;
		};
		F4CCF20A2CAF6487004CF7EF /* Sources */ = {
			isa = PBXSourcesBuildPhase;
			buildActionMask = 2147483647;
			files = (
			);
			runOnlyForDeploymentPostprocessing = 0;
		};
		F4CCF2142CAF6487004CF7EF /* Sources */ = {
			isa = PBXSourcesBuildPhase;
			buildActionMask = 2147483647;
			files = (
			);
			runOnlyForDeploymentPostprocessing = 0;
		};
/* End PBXSourcesBuildPhase section */

/* Begin PBXTargetDependency section */
		F4CCF2102CAF6487004CF7EF /* PBXTargetDependency */ = {
			isa = PBXTargetDependency;
			target = F4CCF1FD2CAF6484004CF7EF /* AutoShare */;
			targetProxy = F4CCF20F2CAF6487004CF7EF /* PBXContainerItemProxy */;
		};
		F4CCF21A2CAF6487004CF7EF /* PBXTargetDependency */ = {
			isa = PBXTargetDependency;
			target = F4CCF1FD2CAF6484004CF7EF /* AutoShare */;
			targetProxy = F4CCF2192CAF6487004CF7EF /* PBXContainerItemProxy */;
		};
/* End PBXTargetDependency section */

/* Begin XCBuildConfiguration section */
		F4CCF2202CAF6487004CF7EF /* Debug */ = {
			isa = XCBuildConfiguration;
			buildSettings = {
				ALWAYS_SEARCH_USER_PATHS = NO;
				ASSETCATALOG_COMPILER_GENERATE_SWIFT_ASSET_SYMBOL_EXTENSIONS = YES;
				CLANG_ANALYZER_NONNULL = YES;
				CLANG_ANALYZER_NUMBER_OBJECT_CONVERSION = YES_AGGRESSIVE;
				CLANG_CXX_LANGUAGE_STANDARD = "gnu++20";
				CLANG_ENABLE_MODULES = YES;
				CLANG_ENABLE_OBJC_ARC = YES;
				CLANG_ENABLE_OBJC_WEAK = YES;
				CLANG_WARN_BLOCK_CAPTURE_AUTORELEASING = YES;
				CLANG_WARN_BOOL_CONVERSION = YES;
				CLANG_WARN_COMMA = YES;
				CLANG_WARN_CONSTANT_CONVERSION = YES;
				CLANG_WARN_DEPRECATED_OBJC_IMPLEMENTATIONS = YES;
				CLANG_WARN_DIRECT_OBJC_ISA_USAGE = YES_ERROR;
				CLANG_WARN_DOCUMENTATION_COMMENTS = YES;
				CLANG_WARN_EMPTY_BODY = YES;
				CLANG_WARN_ENUM_CONVERSION = YES;
				CLANG_WARN_INFINITE_RECURSION = YES;
				CLANG_WARN_INT_CONVERSION = YES;
				CLANG_WARN_NON_LITERAL_NULL_CONVERSION = YES;
				CLANG_WARN_OBJC_IMPLICIT_RETAIN_SELF = YES;
				CLANG_WARN_OBJC_LITERAL_CONVERSION = YES;
				CLANG_WARN_OBJC_ROOT_CLASS = YES_ERROR;
				CLANG_WARN_QUOTED_INCLUDE_IN_FRAMEWORK_HEADER = YES;
				CLANG_WARN_RANGE_LOOP_ANALYSIS = YES;
				CLANG_WARN_STRICT_PROTOTYPES = YES;
				CLANG_WARN_SUSPICIOUS_MOVE = YES;
				CLANG_WARN_UNGUARDED_AVAILABILITY = YES_AGGRESSIVE;
				CLANG_WARN_UNREACHABLE_CODE = YES;
				CLANG_WARN__DUPLICATE_METHOD_MATCH = YES;
				COPY_PHASE_STRIP = NO;
				DEBUG_INFORMATION_FORMAT = dwarf;
				ENABLE_STRICT_OBJC_MSGSEND = YES;
				ENABLE_TESTABILITY = YES;
				ENABLE_USER_SCRIPT_SANDBOXING = YES;
				GCC_C_LANGUAGE_STANDARD = gnu17;
				GCC_DYNAMIC_NO_PIC = NO;
				GCC_NO_COMMON_BLOCKS = YES;
				GCC_OPTIMIZATION_LEVEL = 0;
				GCC_PREPROCESSOR_DEFINITIONS = (
					"DEBUG=1",
					"$(inherited)",
				);
				GCC_WARN_64_TO_32_BIT_CONVERSION = YES;
				GCC_WARN_ABOUT_RETURN_TYPE = YES_ERROR;
				GCC_WARN_UNDECLARED_SELECTOR = YES;
				GCC_WARN_UNINITIALIZED_AUTOS = YES_AGGRESSIVE;
				GCC_WARN_UNUSED_FUNCTION = YES;
				GCC_WARN_UNUSED_VARIABLE = YES;
				IPHONEOS_DEPLOYMENT_TARGET = 18.0;
				LOCALIZATION_PREFERS_STRING_CATALOGS = YES;
				MTL_ENABLE_DEBUG_INFO = INCLUDE_SOURCE;
				MTL_FAST_MATH = YES;
				ONLY_ACTIVE_ARCH = YES;
				SDKROOT = iphoneos;
				SWIFT_ACTIVE_COMPILATION_CONDITIONS = "DEBUG $(inherited)";
				SWIFT_OPTIMIZATION_LEVEL = "-Onone";
			};
			name = Debug;
		};
		F4CCF2212CAF6487004CF7EF /* Release */ = {
			isa = XCBuildConfiguration;
			buildSettings = {
				ALWAYS_SEARCH_USER_PATHS = NO;
				ASSETCATALOG_COMPILER_GENERATE_SWIFT_ASSET_SYMBOL_EXTENSIONS = YES;
				CLANG_ANALYZER_NONNULL = YES;
				CLANG_ANALYZER_NUMBER_OBJECT_CONVERSION = YES_AGGRESSIVE;
				CLANG_CXX_LANGUAGE_STANDARD = "gnu++20";
				CLANG_ENABLE_MODULES = YES;
				CLANG_ENABLE_OBJC_ARC = YES;
				CLANG_ENABLE_OBJC_WEAK = YES;
				CLANG_WARN_BLOCK_CAPTURE_AUTORELEASING = YES;
				CLANG_WARN_BOOL_CONVERSION = YES;
				CLANG_WARN_COMMA = YES;
				CLANG_WARN_CONSTANT_CONVERSION = YES;
				CLANG_WARN_DEPRECATED_OBJC_IMPLEMENTATIONS = YES;
				CLANG_WARN_DIRECT_OBJC_ISA_USAGE = YES_ERROR;
				CLANG_WARN_DOCUMENTATION_COMMENTS = YES;
				CLANG_WARN_EMPTY_BODY = YES;
				CLANG_WARN_ENUM_CONVERSION = YES;
				CLANG_WARN_INFINITE_RECURSION = YES;
				CLANG_WARN_INT_CONVERSION = YES;
				CLANG_WARN_NON_LITERAL_NULL_CONVERSION = YES;
				CLANG_WARN_OBJC_IMPLICIT_RETAIN_SELF = YES;
				CLANG_WARN_OBJC_LITERAL_CONVERSION = YES;
				CLANG_WARN_OBJC_ROOT_CLASS = YES_ERROR;
				CLANG_WARN_QUOTED_INCLUDE_IN_FRAMEWORK_HEADER = YES;
				CLANG_WARN_RANGE_LOOP_ANALYSIS = YES;
				CLANG_WARN_STRICT_PROTOTYPES = YES;
				CLANG_WARN_SUSPICIOUS_MOVE = YES;
				CLANG_WARN_UNGUARDED_AVAILABILITY = YES_AGGRESSIVE;
				CLANG_WARN_UNREACHABLE_CODE = YES;
				CLANG_WARN__DUPLICATE_METHOD_MATCH = YES;
				COPY_PHASE_STRIP = NO;
				DEBUG_INFORMATION_FORMAT = "dwarf-with-dsym";
				ENABLE_NS_ASSERTIONS = NO;
				ENABLE_STRICT_OBJC_MSGSEND = YES;
				ENABLE_USER_SCRIPT_SANDBOXING = YES;
				GCC_C_LANGUAGE_STANDARD = gnu17;
				GCC_NO_COMMON_BLOCKS = YES;
				GCC_WARN_64_TO_32_BIT_CONVERSION = YES;
				GCC_WARN_ABOUT_RETURN_TYPE = YES_ERROR;
				GCC_WARN_UNDECLARED_SELECTOR = YES;
				GCC_WARN_UNINITIALIZED_AUTOS = YES_AGGRESSIVE;
				GCC_WARN_UNUSED_FUNCTION = YES;
				GCC_WARN_UNUSED_VARIABLE = YES;
				IPHONEOS_DEPLOYMENT_TARGET = 18.0;
				LOCALIZATION_PREFERS_STRING_CATALOGS = YES;
				MTL_ENABLE_DEBUG_INFO = NO;
				MTL_FAST_MATH = YES;
				SDKROOT = iphoneos;
				SWIFT_COMPILATION_MODE = wholemodule;
				VALIDATE_PRODUCT = YES;
			};
			name = Release;
		};
		F4CCF2232CAF6487004CF7EF /* Debug */ = {
			isa = XCBuildConfiguration;
			buildSettings = {
				ASSETCATALOG_COMPILER_APPICON_NAME = AppIcon;
				ASSETCATALOG_COMPILER_GLOBAL_ACCENT_COLOR_NAME = AccentColor;
				CODE_SIGN_STYLE = Automatic;
				CURRENT_PROJECT_VERSION = 1;
				DEVELOPMENT_ASSET_PATHS = "\"AutoShare/Preview Content\"";
				DEVELOPMENT_TEAM = ZQ78724VB2;
				ENABLE_PREVIEWS = YES;
				GENERATE_INFOPLIST_FILE = YES;
				INFOPLIST_KEY_UIApplicationSceneManifest_Generation = YES;
				INFOPLIST_KEY_UIApplicationSupportsIndirectInputEvents = YES;
				INFOPLIST_KEY_UILaunchScreen_Generation = YES;
				INFOPLIST_KEY_UISupportedInterfaceOrientations_iPad = "UIInterfaceOrientationPortrait UIInterfaceOrientationPortraitUpsideDown UIInterfaceOrientationLandscapeLeft UIInterfaceOrientationLandscapeRight";
				INFOPLIST_KEY_UISupportedInterfaceOrientations_iPhone = "UIInterfaceOrientationPortrait UIInterfaceOrientationLandscapeLeft UIInterfaceOrientationLandscapeRight";
				LD_RUNPATH_SEARCH_PATHS = (
					"$(inherited)",
					"@executable_path/Frameworks",
				);
				MARKETING_VERSION = 1.0;
				PRODUCT_BUNDLE_IDENTIFIER = com.autoshare.AutoShare;
				PRODUCT_NAME = "$(TARGET_NAME)";
				SWIFT_EMIT_LOC_STRINGS = YES;
				SWIFT_VERSION = 5.0;
				TARGETED_DEVICE_FAMILY = "1,2";
			};
			name = Debug;
		};
		F4CCF2242CAF6487004CF7EF /* Release */ = {
			isa = XCBuildConfiguration;
			buildSettings = {
				ASSETCATALOG_COMPILER_APPICON_NAME = AppIcon;
				ASSETCATALOG_COMPILER_GLOBAL_ACCENT_COLOR_NAME = AccentColor;
				CODE_SIGN_STYLE = Automatic;
				CURRENT_PROJECT_VERSION = 1;
				DEVELOPMENT_ASSET_PATHS = "\"AutoShare/Preview Content\"";
				DEVELOPMENT_TEAM = ZQ78724VB2;
				ENABLE_PREVIEWS = YES;
				GENERATE_INFOPLIST_FILE = YES;
				INFOPLIST_KEY_UIApplicationSceneManifest_Generation = YES;
				INFOPLIST_KEY_UIApplicationSupportsIndirectInputEvents = YES;
				INFOPLIST_KEY_UILaunchScreen_Generation = YES;
				INFOPLIST_KEY_UISupportedInterfaceOrientations_iPad = "UIInterfaceOrientationPortrait UIInterfaceOrientationPortraitUpsideDown UIInterfaceOrientationLandscapeLeft UIInterfaceOrientationLandscapeRight";
				INFOPLIST_KEY_UISupportedInterfaceOrientations_iPhone = "UIInterfaceOrientationPortrait UIInterfaceOrientationLandscapeLeft UIInterfaceOrientationLandscapeRight";
				LD_RUNPATH_SEARCH_PATHS = (
					"$(inherited)",
					"@executable_path/Frameworks",
				);
				MARKETING_VERSION = 1.0;
				PRODUCT_BUNDLE_IDENTIFIER = com.autoshare.AutoShare;
				PRODUCT_NAME = "$(TARGET_NAME)";
				SWIFT_EMIT_LOC_STRINGS = YES;
				SWIFT_VERSION = 5.0;
				TARGETED_DEVICE_FAMILY = "1,2";
			};
			name = Release;
		};
		F4CCF2262CAF6487004CF7EF /* Debug */ = {
			isa = XCBuildConfiguration;
			buildSettings = {
				BUNDLE_LOADER = "$(TEST_HOST)";
				CODE_SIGN_STYLE = Automatic;
				CURRENT_PROJECT_VERSION = 1;
				DEVELOPMENT_TEAM = ZQ78724VB2;
				GENERATE_INFOPLIST_FILE = YES;
				IPHONEOS_DEPLOYMENT_TARGET = 18.0;
				MARKETING_VERSION = 1.0;
				PRODUCT_BUNDLE_IDENTIFIER = com.autoshare.AutoShareTests;
				PRODUCT_NAME = "$(TARGET_NAME)";
				SWIFT_EMIT_LOC_STRINGS = NO;
				SWIFT_VERSION = 5.0;
				TARGETED_DEVICE_FAMILY = "1,2";
				TEST_HOST = "$(BUILT_PRODUCTS_DIR)/AutoShare.app/$(BUNDLE_EXECUTABLE_FOLDER_PATH)/AutoShare";
			};
			name = Debug;
		};
		F4CCF2272CAF6487004CF7EF /* Release */ = {
			isa = XCBuildConfiguration;
			buildSettings = {
				BUNDLE_LOADER = "$(TEST_HOST)";
				CODE_SIGN_STYLE = Automatic;
				CURRENT_PROJECT_VERSION = 1;
				DEVELOPMENT_TEAM = ZQ78724VB2;
				GENERATE_INFOPLIST_FILE = YES;
				IPHONEOS_DEPLOYMENT_TARGET = 18.0;
				MARKETING_VERSION = 1.0;
				PRODUCT_BUNDLE_IDENTIFIER = com.autoshare.AutoShareTests;
				PRODUCT_NAME = "$(TARGET_NAME)";
				SWIFT_EMIT_LOC_STRINGS = NO;
				SWIFT_VERSION = 5.0;
				TARGETED_DEVICE_FAMILY = "1,2";
				TEST_HOST = "$(BUILT_PRODUCTS_DIR)/AutoShare.app/$(BUNDLE_EXECUTABLE_FOLDER_PATH)/AutoShare";
			};
			name = Release;
		};
		F4CCF2292CAF6487004CF7EF /* Debug */ = {
			isa = XCBuildConfiguration;
			buildSettings = {
				CODE_SIGN_STYLE = Automatic;
				CURRENT_PROJECT_VERSION = 1;
				DEVELOPMENT_TEAM = ZQ78724VB2;
				GENERATE_INFOPLIST_FILE = YES;
				MARKETING_VERSION = 1.0;
				PRODUCT_BUNDLE_IDENTIFIER = com.autoshare.AutoShareUITests;
				PRODUCT_NAME = "$(TARGET_NAME)";
				SWIFT_EMIT_LOC_STRINGS = NO;
				SWIFT_VERSION = 5.0;
				TARGETED_DEVICE_FAMILY = "1,2";
				TEST_TARGET_NAME = AutoShare;
			};
			name = Debug;
		};
		F4CCF22A2CAF6487004CF7EF /* Release */ = {
			isa = XCBuildConfiguration;
			buildSettings = {
				CODE_SIGN_STYLE = Automatic;
				CURRENT_PROJECT_VERSION = 1;
				DEVELOPMENT_TEAM = ZQ78724VB2;
				GENERATE_INFOPLIST_FILE = YES;
				MARKETING_VERSION = 1.0;
				PRODUCT_BUNDLE_IDENTIFIER = com.autoshare.AutoShareUITests;
				PRODUCT_NAME = "$(TARGET_NAME)";
				SWIFT_EMIT_LOC_STRINGS = NO;
				SWIFT_VERSION = 5.0;
				TARGETED_DEVICE_FAMILY = "1,2";
				TEST_TARGET_NAME = AutoShare;
			};
			name = Release;
		};
/* End XCBuildConfiguration section */

/* Begin XCConfigurationList section */
		F4CCF1F92CAF6484004CF7EF /* Build configuration list for PBXProject "AutoShare" */ = {
			isa = XCConfigurationList;
			buildConfigurations = (
				F4CCF2202CAF6487004CF7EF /* Debug */,
				F4CCF2212CAF6487004CF7EF /* Release */,
			);
			defaultConfigurationIsVisible = 0;
			defaultConfigurationName = Release;
		};
		F4CCF2222CAF6487004CF7EF /* Build configuration list for PBXNativeTarget "AutoShare" */ = {
			isa = XCConfigurationList;
			buildConfigurations = (
				F4CCF2232CAF6487004CF7EF /* Debug */,
				F4CCF2242CAF6487004CF7EF /* Release */,
			);
			defaultConfigurationIsVisible = 0;
			defaultConfigurationName = Release;
		};
		F4CCF2252CAF6487004CF7EF /* Build configuration list for PBXNativeTarget "AutoShareTests" */ = {
			isa = XCConfigurationList;
			buildConfigurations = (
				F4CCF2262CAF6487004CF7EF /* Debug */,
				F4CCF2272CAF6487004CF7EF /* Release */,
			);
			defaultConfigurationIsVisible = 0;
			defaultConfigurationName = Release;
		};
		F4CCF2282CAF6487004CF7EF /* Build configuration list for PBXNativeTarget "AutoShareUITests" */ = {
			isa = XCConfigurationList;
			buildConfigurations = (
				F4CCF2292CAF6487004CF7EF /* Debug */,
				F4CCF22A2CAF6487004CF7EF /* Release */,
			);
			defaultConfigurationIsVisible = 0;
			defaultConfigurationName = Release;
		};
/* End XCConfigurationList section */

/* Begin XCRemoteSwiftPackageReference section */
		F4CCF22B2CAF64BE004CF7EF /* XCRemoteSwiftPackageReference "firebase-ios-sdk" */ = {
			isa = XCRemoteSwiftPackageReference;
			repositoryURL = "https://github.com/firebase/firebase-ios-sdk";
			requirement = {
				kind = upToNextMajorVersion;
				minimumVersion = 11.3.0;
			};
		};
/* End XCRemoteSwiftPackageReference section */

/* Begin XCSwiftPackageProductDependency section */
		F4CCF22C2CAF64BE004CF7EF /* FirebaseAnalytics */ = {
			isa = XCSwiftPackageProductDependency;
			package = F4CCF22B2CAF64BE004CF7EF /* XCRemoteSwiftPackageReference "firebase-ios-sdk" */;
			productName = FirebaseAnalytics;
		};
		F4CCF22E2CAF64BE004CF7EF /* FirebaseAnalyticsOnDeviceConversion */ = {
			isa = XCSwiftPackageProductDependency;
			package = F4CCF22B2CAF64BE004CF7EF /* XCRemoteSwiftPackageReference "firebase-ios-sdk" */;
			productName = FirebaseAnalyticsOnDeviceConversion;
		};
		F4CCF2302CAF64BE004CF7EF /* FirebaseAnalyticsWithoutAdIdSupport */ = {
			isa = XCSwiftPackageProductDependency;
			package = F4CCF22B2CAF64BE004CF7EF /* XCRemoteSwiftPackageReference "firebase-ios-sdk" */;
			productName = FirebaseAnalyticsWithoutAdIdSupport;
		};
		F4CCF2322CAF64BE004CF7EF /* FirebaseAppCheck */ = {
			isa = XCSwiftPackageProductDependency;
			package = F4CCF22B2CAF64BE004CF7EF /* XCRemoteSwiftPackageReference "firebase-ios-sdk" */;
			productName = FirebaseAppCheck;
		};
		F4CCF2342CAF64BE004CF7EF /* FirebaseAppDistribution-Beta */ = {
			isa = XCSwiftPackageProductDependency;
			package = F4CCF22B2CAF64BE004CF7EF /* XCRemoteSwiftPackageReference "firebase-ios-sdk" */;
			productName = "FirebaseAppDistribution-Beta";
		};
		F4CCF2362CAF64BE004CF7EF /* FirebaseAuth */ = {
			isa = XCSwiftPackageProductDependency;
			package = F4CCF22B2CAF64BE004CF7EF /* XCRemoteSwiftPackageReference "firebase-ios-sdk" */;
			productName = FirebaseAuth;
		};
		F4CCF2382CAF64BE004CF7EF /* FirebaseAuthCombine-Community */ = {
			isa = XCSwiftPackageProductDependency;
			package = F4CCF22B2CAF64BE004CF7EF /* XCRemoteSwiftPackageReference "firebase-ios-sdk" */;
			productName = "FirebaseAuthCombine-Community";
		};
		F4CCF23A2CAF64BE004CF7EF /* FirebaseCore */ = {
			isa = XCSwiftPackageProductDependency;
			package = F4CCF22B2CAF64BE004CF7EF /* XCRemoteSwiftPackageReference "firebase-ios-sdk" */;
			productName = FirebaseCore;
		};
		F4CCF23C2CAF64BE004CF7EF /* FirebaseCrashlytics */ = {
			isa = XCSwiftPackageProductDependency;
			package = F4CCF22B2CAF64BE004CF7EF /* XCRemoteSwiftPackageReference "firebase-ios-sdk" */;
			productName = FirebaseCrashlytics;
		};
		F4CCF23E2CAF64BE004CF7EF /* FirebaseDatabase */ = {
			isa = XCSwiftPackageProductDependency;
			package = F4CCF22B2CAF64BE004CF7EF /* XCRemoteSwiftPackageReference "firebase-ios-sdk" */;
			productName = FirebaseDatabase;
		};
		F4CCF2402CAF64BE004CF7EF /* FirebaseDynamicLinks */ = {
			isa = XCSwiftPackageProductDependency;
			package = F4CCF22B2CAF64BE004CF7EF /* XCRemoteSwiftPackageReference "firebase-ios-sdk" */;
			productName = FirebaseDynamicLinks;
		};
		F4CCF2422CAF64BE004CF7EF /* FirebaseFirestore */ = {
			isa = XCSwiftPackageProductDependency;
			package = F4CCF22B2CAF64BE004CF7EF /* XCRemoteSwiftPackageReference "firebase-ios-sdk" */;
			productName = FirebaseFirestore;
		};
		F4CCF2442CAF64BE004CF7EF /* FirebaseFirestoreCombine-Community */ = {
			isa = XCSwiftPackageProductDependency;
			package = F4CCF22B2CAF64BE004CF7EF /* XCRemoteSwiftPackageReference "firebase-ios-sdk" */;
			productName = "FirebaseFirestoreCombine-Community";
		};
		F4CCF2462CAF64BE004CF7EF /* FirebaseFunctions */ = {
			isa = XCSwiftPackageProductDependency;
			package = F4CCF22B2CAF64BE004CF7EF /* XCRemoteSwiftPackageReference "firebase-ios-sdk" */;
			productName = FirebaseFunctions;
		};
		F4CCF2482CAF64BE004CF7EF /* FirebaseFunctionsCombine-Community */ = {
			isa = XCSwiftPackageProductDependency;
			package = F4CCF22B2CAF64BE004CF7EF /* XCRemoteSwiftPackageReference "firebase-ios-sdk" */;
			productName = "FirebaseFunctionsCombine-Community";
		};
		F4CCF24A2CAF64BE004CF7EF /* FirebaseInAppMessaging-Beta */ = {
			isa = XCSwiftPackageProductDependency;
			package = F4CCF22B2CAF64BE004CF7EF /* XCRemoteSwiftPackageReference "firebase-ios-sdk" */;
			productName = "FirebaseInAppMessaging-Beta";
		};
		F4CCF24C2CAF64BE004CF7EF /* FirebaseInstallations */ = {
			isa = XCSwiftPackageProductDependency;
			package = F4CCF22B2CAF64BE004CF7EF /* XCRemoteSwiftPackageReference "firebase-ios-sdk" */;
			productName = FirebaseInstallations;
		};
		F4CCF24E2CAF64BE004CF7EF /* FirebaseMLModelDownloader */ = {
			isa = XCSwiftPackageProductDependency;
			package = F4CCF22B2CAF64BE004CF7EF /* XCRemoteSwiftPackageReference "firebase-ios-sdk" */;
			productName = FirebaseMLModelDownloader;
		};
		F4CCF2502CAF64BE004CF7EF /* FirebaseMessaging */ = {
			isa = XCSwiftPackageProductDependency;
			package = F4CCF22B2CAF64BE004CF7EF /* XCRemoteSwiftPackageReference "firebase-ios-sdk" */;
			productName = FirebaseMessaging;
		};
		F4CCF2522CAF64BE004CF7EF /* FirebasePerformance */ = {
			isa = XCSwiftPackageProductDependency;
			package = F4CCF22B2CAF64BE004CF7EF /* XCRemoteSwiftPackageReference "firebase-ios-sdk" */;
			productName = FirebasePerformance;
		};
		F4CCF2542CAF64BE004CF7EF /* FirebaseRemoteConfig */ = {
			isa = XCSwiftPackageProductDependency;
			package = F4CCF22B2CAF64BE004CF7EF /* XCRemoteSwiftPackageReference "firebase-ios-sdk" */;
			productName = FirebaseRemoteConfig;
		};
		F4CCF2562CAF64BE004CF7EF /* FirebaseStorage */ = {
			isa = XCSwiftPackageProductDependency;
			package = F4CCF22B2CAF64BE004CF7EF /* XCRemoteSwiftPackageReference "firebase-ios-sdk" */;
			productName = FirebaseStorage;
		};
		F4CCF2582CAF64BE004CF7EF /* FirebaseStorageCombine-Community */ = {
			isa = XCSwiftPackageProductDependency;
			package = F4CCF22B2CAF64BE004CF7EF /* XCRemoteSwiftPackageReference "firebase-ios-sdk" */;
			productName = "FirebaseStorageCombine-Community";
		};
		F4CCF25A2CAF64BE004CF7EF /* FirebaseVertexAI-Preview */ = {
			isa = XCSwiftPackageProductDependency;
			package = F4CCF22B2CAF64BE004CF7EF /* XCRemoteSwiftPackageReference "firebase-ios-sdk" */;
			productName = "FirebaseVertexAI-Preview";
		};
/* End XCSwiftPackageProductDependency section */
	};
	rootObject = F4CCF1F62CAF6484004CF7EF /* Project object */;
}
